{
    "_readme": [
        "This file locks the dependencies of your project to a known state",
        "Read more about it at https://getcomposer.org/doc/01-basic-usage.md#installing-dependencies",
        "This file is @generated automatically"
    ],
    "content-hash": "fa87b06f1a30116bbf81fa21c55ce870",
    "packages": [
        {
            "name": "bitwasp/bech32",
            "version": "v0.0.1",
            "source": {
                "type": "git",
                "url": "https://github.com/Bit-Wasp/bech32.git",
                "reference": "e1ea58c848a4ec59d81b697b3dfe9cc99968d0e7"
            },
            "dist": {
                "type": "zip",
                "url": "https://api.github.com/repos/Bit-Wasp/bech32/zipball/e1ea58c848a4ec59d81b697b3dfe9cc99968d0e7",
                "reference": "e1ea58c848a4ec59d81b697b3dfe9cc99968d0e7",
                "shasum": ""
            },
            "require-dev": {
                "phpunit/phpunit": "^5.4.0",
                "squizlabs/php_codesniffer": "^2.0.0"
            },
            "type": "library",
            "autoload": {
                "files": [
                    "src/bech32.php"
                ],
                "psr-4": {
                    "BitWasp\\Bech32\\": "src/"
                }
            },
            "notification-url": "https://packagist.org/downloads/",
            "license": [
                "Unlicense"
            ],
            "authors": [
                {
                    "name": "Thomas Kerin",
                    "homepage": "https://thomaskerin.io",
                    "role": "Author"
                }
            ],
            "description": "Pure (no dependencies) implementation of bech32",
            "homepage": "https://github.com/bit-wasp/bech32",
            "support": {
                "issues": "https://github.com/Bit-Wasp/bech32/issues",
                "source": "https://github.com/Bit-Wasp/bech32/tree/more-tests"
            },
            "time": "2018-02-05T22:23:47+00:00"
        },
        {
            "name": "fgrosse/phpasn1",
            "version": "v2.5.0",
            "source": {
                "type": "git",
                "url": "https://github.com/fgrosse/PHPASN1.git",
                "reference": "42060ed45344789fb9f21f9f1864fc47b9e3507b"
            },
            "dist": {
                "type": "zip",
                "url": "https://api.github.com/repos/fgrosse/PHPASN1/zipball/42060ed45344789fb9f21f9f1864fc47b9e3507b",
                "reference": "42060ed45344789fb9f21f9f1864fc47b9e3507b",
                "shasum": ""
            },
            "require": {
                "php": "^7.1 || ^8.0"
            },
            "require-dev": {
                "php-coveralls/php-coveralls": "~2.0",
                "phpunit/phpunit": "^7.0 || ^8.0 || ^9.0"
            },
            "suggest": {
                "ext-bcmath": "BCmath is the fallback extension for big integer calculations",
                "ext-curl": "For loading OID information from the web if they have not bee defined statically",
                "ext-gmp": "GMP is the preferred extension for big integer calculations",
                "phpseclib/bcmath_compat": "BCmath polyfill for servers where neither GMP nor BCmath is available"
            },
            "type": "library",
            "extra": {
                "branch-alias": {
                    "dev-master": "2.0.x-dev"
                }
            },
            "autoload": {
                "psr-4": {
                    "FG\\": "lib/"
                }
            },
            "notification-url": "https://packagist.org/downloads/",
            "license": [
                "MIT"
            ],
            "authors": [
                {
                    "name": "Friedrich Große",
                    "email": "friedrich.grosse@gmail.com",
                    "homepage": "https://github.com/FGrosse",
                    "role": "Author"
                },
                {
                    "name": "All contributors",
                    "homepage": "https://github.com/FGrosse/PHPASN1/contributors"
                }
            ],
            "description": "A PHP Framework that allows you to encode and decode arbitrary ASN.1 structures using the ITU-T X.690 Encoding Rules.",
            "homepage": "https://github.com/FGrosse/PHPASN1",
            "keywords": [
                "DER",
                "asn.1",
                "asn1",
                "ber",
                "binary",
                "decoding",
                "encoding",
                "x.509",
                "x.690",
                "x509",
                "x690"
            ],
            "support": {
                "issues": "https://github.com/fgrosse/PHPASN1/issues",
                "source": "https://github.com/fgrosse/PHPASN1/tree/v2.5.0"
            },
            "abandoned": true,
            "time": "2022-12-19T11:08:26+00:00"
        },
        {
            "name": "phrity/net-uri",
            "version": "1.3.0",
            "source": {
                "type": "git",
                "url": "https://github.com/sirn-se/phrity-net-uri.git",
                "reference": "3f458e0c4d1ddc0e218d7a5b9420127c63925f43"
            },
            "dist": {
                "type": "zip",
                "url": "https://api.github.com/repos/sirn-se/phrity-net-uri/zipball/3f458e0c4d1ddc0e218d7a5b9420127c63925f43",
                "reference": "3f458e0c4d1ddc0e218d7a5b9420127c63925f43",
                "shasum": ""
            },
            "require": {
                "php": "^7.4 | ^8.0",
                "psr/http-factory": "^1.0",
                "psr/http-message": "^1.0 | ^2.0"
            },
            "require-dev": {
                "php-coveralls/php-coveralls": "^2.0",
                "phpunit/phpunit": "^9.0 | ^10.0",
                "squizlabs/php_codesniffer": "^3.0"
            },
            "type": "library",
            "autoload": {
                "psr-4": {
                    "Phrity\\Net\\": "src/"
                }
            },
            "notification-url": "https://packagist.org/downloads/",
            "license": [
                "MIT"
            ],
            "authors": [
                {
                    "name": "Sören Jensen",
                    "email": "sirn@sirn.se",
                    "homepage": "https://phrity.sirn.se"
                }
            ],
            "description": "PSR-7 Uri and PSR-17 UriFactory implementation",
            "homepage": "https://phrity.sirn.se/net-uri",
            "keywords": [
                "psr-17",
                "psr-7",
                "uri",
                "uri factory"
            ],
            "support": {
                "issues": "https://github.com/sirn-se/phrity-net-uri/issues",
                "source": "https://github.com/sirn-se/phrity-net-uri/tree/1.3.0"
            },
            "time": "2023-08-21T10:33:06+00:00"
        },
        {
            "name": "phrity/util-errorhandler",
            "version": "1.0.1",
            "source": {
                "type": "git",
                "url": "https://github.com/sirn-se/phrity-util-errorhandler.git",
                "reference": "dc9ac8fb70d733c48a9d9d1eb50f7022172da6bc"
            },
            "dist": {
                "type": "zip",
                "url": "https://api.github.com/repos/sirn-se/phrity-util-errorhandler/zipball/dc9ac8fb70d733c48a9d9d1eb50f7022172da6bc",
                "reference": "dc9ac8fb70d733c48a9d9d1eb50f7022172da6bc",
                "shasum": ""
            },
            "require": {
                "php": "^7.2|^8.0"
            },
            "require-dev": {
                "php-coveralls/php-coveralls": "^2.0",
                "phpunit/phpunit": "^8.0|^9.0",
                "squizlabs/php_codesniffer": "^3.5"
            },
            "type": "library",
            "autoload": {
                "psr-4": {
                    "": "src/"
                }
            },
            "notification-url": "https://packagist.org/downloads/",
            "license": [
                "MIT"
            ],
            "authors": [
                {
                    "name": "Sören Jensen",
                    "email": "sirn@sirn.se",
                    "homepage": "https://phrity.sirn.se"
                }
            ],
            "description": "Inline error handler; catch and resolve errors for code block.",
            "homepage": "https://phrity.sirn.se/util-errorhandler",
            "keywords": [
                "error",
                "warning"
            ],
            "support": {
                "issues": "https://github.com/sirn-se/phrity-util-errorhandler/issues",
                "source": "https://github.com/sirn-se/phrity-util-errorhandler/tree/1.0.1"
            },
            "time": "2022-10-27T12:14:42+00:00"
        },
        {
            "name": "psr/http-factory",
            "version": "1.0.2",
            "source": {
                "type": "git",
                "url": "https://github.com/php-fig/http-factory.git",
                "reference": "e616d01114759c4c489f93b099585439f795fe35"
            },
            "dist": {
                "type": "zip",
                "url": "https://api.github.com/repos/php-fig/http-factory/zipball/e616d01114759c4c489f93b099585439f795fe35",
                "reference": "e616d01114759c4c489f93b099585439f795fe35",
                "shasum": ""
            },
            "require": {
                "php": ">=7.0.0",
                "psr/http-message": "^1.0 || ^2.0"
            },
            "type": "library",
            "extra": {
                "branch-alias": {
                    "dev-master": "1.0.x-dev"
                }
            },
            "autoload": {
                "psr-4": {
                    "Psr\\Http\\Message\\": "src/"
                }
            },
            "notification-url": "https://packagist.org/downloads/",
            "license": [
                "MIT"
            ],
            "authors": [
                {
                    "name": "PHP-FIG",
                    "homepage": "https://www.php-fig.org/"
                }
            ],
            "description": "Common interfaces for PSR-7 HTTP message factories",
            "keywords": [
                "factory",
                "http",
                "message",
                "psr",
                "psr-17",
                "psr-7",
                "request",
                "response"
            ],
            "support": {
                "source": "https://github.com/php-fig/http-factory/tree/1.0.2"
            },
            "time": "2023-04-10T20:10:41+00:00"
        },
        {
            "name": "psr/http-message",
            "version": "1.1",
            "source": {
                "type": "git",
                "url": "https://github.com/php-fig/http-message.git",
                "reference": "cb6ce4845ce34a8ad9e68117c10ee90a29919eba"
            },
            "dist": {
                "type": "zip",
                "url": "https://api.github.com/repos/php-fig/http-message/zipball/cb6ce4845ce34a8ad9e68117c10ee90a29919eba",
                "reference": "cb6ce4845ce34a8ad9e68117c10ee90a29919eba",
                "shasum": ""
            },
            "require": {
                "php": "^7.2 || ^8.0"
            },
            "type": "library",
            "extra": {
                "branch-alias": {
                    "dev-master": "1.1.x-dev"
                }
            },
            "autoload": {
                "psr-4": {
                    "Psr\\Http\\Message\\": "src/"
                }
            },
            "notification-url": "https://packagist.org/downloads/",
            "license": [
                "MIT"
            ],
            "authors": [
                {
                    "name": "PHP-FIG",
                    "homepage": "http://www.php-fig.org/"
                }
            ],
            "description": "Common interface for HTTP messages",
            "homepage": "https://github.com/php-fig/http-message",
            "keywords": [
                "http",
                "http-message",
                "psr",
                "psr-7",
                "request",
                "response"
            ],
            "support": {
                "source": "https://github.com/php-fig/http-message/tree/1.1"
            },
            "time": "2023-04-04T09:50:52+00:00"
        },
        {
            "name": "psr/log",
            "version": "3.0.0",
            "source": {
                "type": "git",
                "url": "https://github.com/php-fig/log.git",
                "reference": "fe5ea303b0887d5caefd3d431c3e61ad47037001"
            },
            "dist": {
                "type": "zip",
                "url": "https://api.github.com/repos/php-fig/log/zipball/fe5ea303b0887d5caefd3d431c3e61ad47037001",
                "reference": "fe5ea303b0887d5caefd3d431c3e61ad47037001",
                "shasum": ""
            },
            "require": {
                "php": ">=8.0.0"
            },
            "type": "library",
            "extra": {
                "branch-alias": {
                    "dev-master": "3.x-dev"
                }
            },
            "autoload": {
                "psr-4": {
                    "Psr\\Log\\": "src"
                }
            },
            "notification-url": "https://packagist.org/downloads/",
            "license": [
                "MIT"
            ],
            "authors": [
                {
                    "name": "PHP-FIG",
                    "homepage": "https://www.php-fig.org/"
                }
            ],
            "description": "Common interface for logging libraries",
            "homepage": "https://github.com/php-fig/log",
            "keywords": [
                "log",
                "psr",
                "psr-3"
            ],
            "support": {
                "source": "https://github.com/php-fig/log/tree/3.0.0"
            },
            "time": "2021-07-14T16:46:02+00:00"
        },
        {
            "name": "public-square/phpecc",
            "version": "v0.1.2",
            "source": {
                "type": "git",
                "url": "https://github.com/public-square/phpecc.git",
                "reference": "683178803e97406ad16a0ef811768eecdc6ef33e"
            },
            "dist": {
                "type": "zip",
                "url": "https://api.github.com/repos/public-square/phpecc/zipball/683178803e97406ad16a0ef811768eecdc6ef33e",
                "reference": "683178803e97406ad16a0ef811768eecdc6ef33e",
                "shasum": ""
            },
            "require": {
                "ext-gmp": "*",
                "fgrosse/phpasn1": "^2.0",
                "php": "^8.0"
            },
            "replace": {
                "mdanter/ecc": "1.0.0"
            },
            "require-dev": {
                "phpunit/phpunit": "^6.0||^8.0||^9.0",
                "squizlabs/php_codesniffer": "^2.0",
                "symfony/yaml": "^2.6|^3.0"
            },
            "type": "library",
            "autoload": {
                "psr-4": {
                    "Mdanter\\Ecc\\": "src/"
                }
            },
            "notification-url": "https://packagist.org/downloads/",
            "license": [
                "MIT"
            ],
            "authors": [
                {
                    "name": "Matyas Danter",
                    "homepage": "http://matejdanter.com/",
                    "role": "Author"
                },
                {
                    "name": "Thibaud Fabre",
                    "email": "thibaud@aztech.io",
                    "homepage": "http://aztech.io",
                    "role": "Maintainer"
                },
                {
                    "name": "Thomas Kerin",
                    "email": "afk11@users.noreply.github.com",
                    "role": "Maintainer"
                },
                {
                    "name": "Ology Newswire, Inc",
                    "email": "protocol@vpsqr.com",
                    "homepage": "https://vpsqr.com/",
                    "role": "Maintainer"
                }
            ],
            "description": "PHP Elliptic Curve Cryptography library",
            "homepage": "https://github.com/public-square/phpecc",
            "keywords": [
                "Diffie",
                "ECDSA",
                "Hellman",
                "curve",
                "ecdh",
                "elliptic",
                "nistp192",
                "nistp224",
                "nistp256",
                "nistp384",
                "nistp521",
                "phpecc",
                "schnorr",
                "secp256k1",
                "secp256r1"
            ],
            "support": {
                "source": "https://github.com/public-square/phpecc/tree/v0.1.2"
            },
            "time": "2022-10-13T14:39:58+00:00"
        },
        {
            "name": "simplito/bigint-wrapper-php",
            "version": "1.0.0",
            "source": {
                "type": "git",
                "url": "https://github.com/simplito/bigint-wrapper-php.git",
                "reference": "cf21ec76d33f103add487b3eadbd9f5033a25930"
            },
            "dist": {
                "type": "zip",
                "url": "https://api.github.com/repos/simplito/bigint-wrapper-php/zipball/cf21ec76d33f103add487b3eadbd9f5033a25930",
                "reference": "cf21ec76d33f103add487b3eadbd9f5033a25930",
                "shasum": ""
            },
            "type": "library",
            "autoload": {
                "psr-4": {
                    "BI\\": "lib/"
                }
            },
            "notification-url": "https://packagist.org/downloads/",
            "license": [
                "MIT"
            ],
            "authors": [
                {
                    "name": "Simplito Team",
                    "email": "s.smyczynski@simplito.com",
                    "homepage": "https://simplito.com"
                }
            ],
            "description": "Common interface for php_gmp and php_bcmath modules",
            "support": {
                "issues": "https://github.com/simplito/bigint-wrapper-php/issues",
                "source": "https://github.com/simplito/bigint-wrapper-php/tree/1.0.0"
            },
            "time": "2018-02-27T12:38:08+00:00"
        },
        {
            "name": "simplito/bn-php",
            "version": "1.1.3",
            "source": {
                "type": "git",
                "url": "https://github.com/simplito/bn-php.git",
                "reference": "189167f940cdb681288a967b0f4d66de81adcd97"
            },
            "dist": {
                "type": "zip",
                "url": "https://api.github.com/repos/simplito/bn-php/zipball/189167f940cdb681288a967b0f4d66de81adcd97",
                "reference": "189167f940cdb681288a967b0f4d66de81adcd97",
                "shasum": ""
            },
            "require": {
                "simplito/bigint-wrapper-php": "~1.0.0"
            },
            "require-dev": {
                "phpunit/phpunit": "*"
            },
            "type": "library",
            "autoload": {
                "psr-4": {
                    "BN\\": "lib/"
                }
            },
            "notification-url": "https://packagist.org/downloads/",
            "license": [
                "MIT"
            ],
            "authors": [
                {
                    "name": "Simplito Team",
                    "email": "s.smyczynski@simplito.com",
                    "homepage": "https://simplito.com"
                }
            ],
            "description": "Big number implementation compatible with bn.js",
            "support": {
                "issues": "https://github.com/simplito/bn-php/issues",
                "source": "https://github.com/simplito/bn-php/tree/1.1.3"
            },
            "time": "2022-08-12T18:58:14+00:00"
        },
        {
            "name": "simplito/elliptic-php",
            "version": "1.0.11",
            "source": {
                "type": "git",
                "url": "https://github.com/simplito/elliptic-php.git",
                "reference": "d0957dd6461f19a5ceb94cf3a0a908d8a0485b40"
            },
            "dist": {
                "type": "zip",
                "url": "https://api.github.com/repos/simplito/elliptic-php/zipball/d0957dd6461f19a5ceb94cf3a0a908d8a0485b40",
                "reference": "d0957dd6461f19a5ceb94cf3a0a908d8a0485b40",
                "shasum": ""
            },
            "require": {
                "ext-gmp": "*",
                "simplito/bn-php": "~1.1.0"
            },
            "require-dev": {
                "phpbench/phpbench": "@dev",
                "phpunit/phpunit": "*"
            },
            "type": "library",
            "autoload": {
                "psr-4": {
                    "Elliptic\\": "lib/"
                }
            },
            "notification-url": "https://packagist.org/downloads/",
            "license": [
                "MIT"
            ],
            "authors": [
                {
                    "name": "Simplito Team",
                    "email": "s.smyczynski@simplito.com",
                    "homepage": "https://simplito.com"
                }
            ],
            "description": "Fast elliptic curve cryptography",
            "homepage": "https://github.com/simplito/elliptic-php",
            "keywords": [
                "Curve25519",
                "ECDSA",
                "Ed25519",
                "EdDSA",
                "cryptography",
                "curve",
                "curve25519-weier",
                "ecc",
                "ecdh",
                "elliptic",
                "nistp192",
                "nistp224",
                "nistp256",
                "nistp384",
                "nistp521",
                "secp256k1"
            ],
            "support": {
                "issues": "https://github.com/simplito/elliptic-php/issues",
                "source": "https://github.com/simplito/elliptic-php/tree/1.0.11"
            },
            "time": "2023-08-28T15:27:19+00:00"
        },
        {
            "name": "swentel/nostr-php",
            "version": "dev-verify-method",
            "source": {
                "type": "git",
                "url": "https://github.com/fabianfabian/nostr-php.git",
                "reference": "4c19e14528b9ae885dd8d4ee976743a6a6e0e04d"
            },
            "dist": {
                "type": "zip",
                "url": "https://api.github.com/repos/fabianfabian/nostr-php/zipball/4c19e14528b9ae885dd8d4ee976743a6a6e0e04d",
                "reference": "4c19e14528b9ae885dd8d4ee976743a6a6e0e04d",
                "shasum": ""
            },
            "require": {
                "bitwasp/bech32": "^0.0.1",
                "ext-gmp": "*",
                "ext-xml": "*",
                "php": "^8.1",
                "public-square/phpecc": "^0.1.0",
                "simplito/elliptic-php": "^1.0",
                "textalk/websocket": "^1.6"
            },
            "require-dev": {
                "phpunit/phpunit": "^10"
            },
            "bin": [
                "bin/nostr-php"
            ],
            "type": "library",
            "autoload": {
                "psr-4": {
                    "swentel\\nostr\\": "src/"
                }
            },
            "license": [
                "GPL-2.0-or-later"
            ],
            "description": "Nostr helper library for PHP",
            "homepage": "https://github.com/swentel/nostr-php",
            "support": {
                "source": "https://github.com/fabianfabian/nostr-php/tree/main"
            },
            "time": "2023-10-24T06:20:22+00:00"
        },
        {
            "name": "textalk/websocket",
            "version": "1.6.3",
            "source": {
                "type": "git",
                "url": "https://github.com/Textalk/websocket-php.git",
                "reference": "67de79745b1a357caf812bfc44e0abf481cee012"
            },
            "dist": {
                "type": "zip",
                "url": "https://api.github.com/repos/Textalk/websocket-php/zipball/67de79745b1a357caf812bfc44e0abf481cee012",
                "reference": "67de79745b1a357caf812bfc44e0abf481cee012",
                "shasum": ""
            },
            "require": {
                "php": "^7.4 | ^8.0",
                "phrity/net-uri": "^1.0",
                "phrity/util-errorhandler": "^1.0",
                "psr/http-message": "^1.0",
                "psr/log": "^1.0 | ^2.0 | ^3.0"
            },
            "require-dev": {
                "php-coveralls/php-coveralls": "^2.0",
                "phpunit/phpunit": "^9.0",
                "squizlabs/php_codesniffer": "^3.5"
            },
            "type": "library",
            "autoload": {
                "psr-4": {
                    "WebSocket\\": "lib"
                }
            },
            "notification-url": "https://packagist.org/downloads/",
            "license": [
                "ISC"
            ],
            "authors": [
                {
                    "name": "Fredrik Liljegren"
                },
                {
                    "name": "Sören Jensen"
                }
            ],
            "description": "WebSocket client and server",
            "support": {
                "issues": "https://github.com/Textalk/websocket-php/issues",
                "source": "https://github.com/Textalk/websocket-php/tree/1.6.3"
            },
            "time": "2022-11-07T18:59:33+00:00"
        }
    ],
    "packages-dev": [],
    "aliases": [],
    "minimum-stability": "stable",
    "stability-flags": {
        "swentel/nostr-php": 20
    },
    "prefer-stable": false,
    "prefer-lowest": false,
    "platform": [],
    "platform-dev": [],
    "plugin-api-version": "2.6.0"
}
